<?xml version="1.0" encoding="utf-8"?>
<Project ToolsVersion="4.0" xmlns="http://schemas.microsoft.com/developer/msbuild/2003">
  <ItemGroup>
    <Filter Include="Source Files">
      <UniqueIdentifier>{4FC737F1-C7A5-4376-A066-2A32D752A2FF}</UniqueIdentifier>
      <Extensions>cpp;c;cc;cxx;c++;cppm;ixx;def;odl;idl;hpj;bat;asm;asmx</Extensions>
    </Filter>
    <Filter Include="Header Files">
      <UniqueIdentifier>{93995380-89BD-4b04-88EB-625FBE52EBFB}</UniqueIdentifier>
      <Extensions>h;hh;hpp;hxx;h++;hm;inl;inc;ipp;xsd</Extensions>
    </Filter>
    <Filter Include="Resource Files">
      <UniqueIdentifier>{67DA6AB6-F800-4c08-8B7A-83BB121AAD01}</UniqueIdentifier>
      <Extensions>rc;ico;cur;bmp;dlg;rc2;rct;bin;rgs;gif;jpg;jpeg;jpe;resx;tiff;tif;png;wav;mfcribbon-ms</Extensions>
    </Filter>
    <Filter Include="Header Files\Entity">
      <UniqueIdentifier>{b2ddbf77-3626-469c-a7cc-78c5f65f7510}</UniqueIdentifier>
    </Filter>
    <Filter Include="Header Files\Balls">
      <UniqueIdentifier>{c574013e-0467-4831-a69e-458124190c59}</UniqueIdentifier>
    </Filter>
    <Filter Include="Source Files\Entity">
      <UniqueIdentifier>{556887c9-6236-4336-b83c-35c4b7c5fa1e}</UniqueIdentifier>
    </Filter>
    <Filter Include="Source Files\Balls">
      <UniqueIdentifier>{0aab3431-f9fc-4c48-beb1-12be421686fd}</UniqueIdentifier>
    </Filter>
  </ItemGroup>
  <ItemGroup>
    <ClCompile Include="main.cpp">
      <Filter>Source Files</Filter>
    </ClCompile>
    <ClCompile Include="Game.cpp">
      <Filter>Source Files</Filter>
    </ClCompile>
    <ClCompile Include="Entity.cpp">
      <Filter>Source Files\Entity</Filter>
    </ClCompile>
    <ClCompile Include="Ball.cpp">
      <Filter>Source Files\Balls</Filter>
    </ClCompile>
    <ClCompile Include="Strawberry.cpp">
      <Filter>Source Files\Balls</Filter>
    </ClCompile>
    <ClCompile Include="Apple.cpp">
      <Filter>Source Files\Balls</Filter>
    </ClCompile>
    <ClCompile Include="Melon.cpp">
      <Filter>Source Files\Balls</Filter>
    </ClCompile>
    <ClCompile Include="Orange.cpp">
      <Filter>Source Files\Balls</Filter>
    </ClCompile>
    <ClCompile Include="Watermelon.cpp">
      <Filter>Source Files\Balls</Filter>
    </ClCompile>
    <ClCompile Include="Final.cpp">
      <Filter>Source Files\Balls</Filter>
    </ClCompile>
  </ItemGroup>
  <ItemGroup>
    <ClInclude Include="Game.h">
      <Filter>Header Files</Filter>
    </ClInclude>
    <ClInclude Include="Entity.h">
      <Filter>Header Files\Entity</Filter>
    </ClInclude>
    <ClInclude Include="Ball.h">
      <Filter>Header Files\Balls</Filter>
    </ClInclude>
    <ClInclude Include="Strawberry.h">
      <Filter>Header Files\Balls</Filter>
    </ClInclude>
    <ClInclude Include="Apple.h">
      <Filter>Header Files\Balls</Filter>
    </ClInclude>
    <ClInclude Include="Settings.h">
      <Filter>Header Files</Filter>
    </ClInclude>
    <ClInclude Include="Melon.h">
      <Filter>Header Files\Balls</Filter>
    </ClInclude>
    <ClInclude Include="Orange.h">
      <Filter>Header Files\Balls</Filter>
    </ClInclude>
    <ClInclude Include="Watermelon.h">
      <Filter>Header Files\Balls</Filter>
    </ClInclude>
    <ClInclude Include="Final.h">
      <Filter>Header Files\Balls</Filter>
    </ClInclude>
  </ItemGroup>
  <ItemGroup>
    <None Include="openal32.dll" />
    <None Include="sfml-audio-2.dll" />
    <None Include="sfml-audio-d-2.dll" />
    <None Include="sfml-graphics-2.dll" />
    <None Include="sfml-graphics-d-2.dll" />
    <None Include="sfml-network-2.dll" />
    <None Include="sfml-network-d-2.dll" />
    <None Include="sfml-system-2.dll" />
    <None Include="sfml-system-d-2.dll" />
    <None Include="sfml-window-2.dll" />
    <None Include="sfml-window-d-2.dll" />
  </ItemGroup>
</Project>